
Microsoft Visual Studio Solution File, Format Version 12.00
# Visual Studio 15
VisualStudioVersion = 15.0.28307.1145
MinimumVisualStudioVersion = 10.0.40219.1
Project("{F184B08F-C81C-45F6-A57F-5ABD9991F28F}") = "IE11_Update.Install", "IE11_Update.Install\IE11_Update.Install.vbproj", "{19F81C2C-3FBD-4CE1-9F82-416D392C76EC}"
EndProject
Project("{F184B08F-C81C-45F6-A57F-5ABD9991F28F}") = "NIT.SYSUPDATE.Library", "..\NIT.SYSUPDATE.Library\NIT.SYSUPDATE.Library\NIT.SYSUPDATE.Library.vbproj", "{FD46EC77-6021-42E5-A9A1-62920723F9FA}"
EndProject
Global
	GlobalSection(SolutionConfigurationPlatforms) = preSolution
		Debug|Any CPU = Debug|Any CPU
		Release|Any CPU = Release|Any CPU
	EndGlobalSection
	GlobalSection(ProjectConfigurationPlatforms) = postSolution
		{19F81C2C-3FBD-4CE1-9F82-416D392C76EC}.Debug|Any CPU.ActiveCfg = Debug|Any CPU
		{19F81C2C-3FBD-4CE1-9F82-416D392C76EC}.Debug|Any CPU.Build.0 = Debug|Any CPU
		{19F81C2C-3FBD-4CE1-9F82-416D392C76EC}.Release|Any CPU.ActiveCfg = Release|Any CPU
		{19F81C2C-3FBD-4CE1-9F82-416D392C76EC}.Release|Any CPU.Build.0 = Release|Any CPU
		{FD46EC77-6021-42E5-A9A1-62920723F9FA}.Debug|Any CPU.ActiveCfg = Debug|Any CPU
		{FD46EC77-6021-42E5-A9A1-62920723F9FA}.Debug|Any CPU.Build.0 = Debug|Any CPU
		{FD46EC77-6021-42E5-A9A1-62920723F9FA}.Release|Any CPU.ActiveCfg = Release|Any CPU
		{FD46EC77-6021-42E5-A9A1-62920723F9FA}.Release|Any CPU.Build.0 = Release|Any CPU
	EndGlobalSection
	GlobalSection(SolutionProperties) = preSolution
		HideSolutionNode = FALSE
	EndGlobalSection
	GlobalSection(ExtensibilityGlobals) = postSolution
		SolutionGuid = {D4A09FEA-DB5F-43A3-8D4D-92CB0D3F9FBA}
	EndGlobalSection
EndGlobal
